PODS:
  - Alamofire (4.5.1)
  - CocoaLumberjack/Default (3.3.0)
  - CocoaLumberjack/Swift (3.3.0):
    - CocoaLumberjack/Default
  - Differentiator (2.0.2)
  - Nimble (7.0.2)
  - NVActivityIndicatorView (4.0.0):
    - NVActivityIndicatorView/Presenter (= 4.0.0)
  - NVActivityIndicatorView/Presenter (4.0.0)
  - Quick (1.2.0)
  - RxAlamofire (3.0.3):
    - RxAlamofire/Core (= 3.0.3)
  - RxAlamofire/Core (3.0.3):
    - Alamofire (~> 4.0)
    - RxSwift (~> 3.0)
  - RxBlocking (3.6.1):
    - RxSwift (~> 3.6)
  - RxCocoa (3.6.1):
    - RxSwift (~> 3.6)
  - RxDataSources (2.0.2):
    - Differentiator (~> 2.0)
    - RxCocoa (>= 3.6.1)
    - RxSwift (>= 3.6.1)
  - RxSwift (3.6.1)
  - RxSwiftExt (2.5.1):
    - RxSwiftExt/Core (= 2.5.1)
  - RxSwiftExt/Core (2.5.1):
    - RxSwift (~> 3.4)
  - RxTest (3.6.1):
    - RxSwift (~> 3.6)
  - SwiftyJSON (3.1.4)
  - Swinject (2.1.1)
  - Toaster (2.1.0)

DEPENDENCIES:
  - CocoaLumberjack/Swift
  - Nimble
  - NVActivityIndicatorView
  - Quick
  - RxAlamofire
  - RxBlocking
  - RxCocoa
  - RxDataSources
  - RxSwift
  - RxSwiftExt
  - RxTest
  - SwiftyJSON
  - Swinject
  - Toaster

SPEC CHECKSUMS:
  Alamofire: 2d95912bf4c34f164fdfc335872e8c312acaea4a
  CocoaLumberjack: 3c8c74683302f9012bb168e1c4b7ae3c0b558431
  Differentiator: caa9b3957981a2ac8e6b2eac8a676af461caa604
  Nimble: bfe1f814edabba69ff145cb1283e04ed636a67f2
  NVActivityIndicatorView: 54c9b93b6f25a4f467512680c0c90c09a1095cf2
  Quick: 58d203b1c5e27fff7229c4c1ae445ad7069a7a08
  RxAlamofire: 5eb39188c4917ad98127c0ecb4878a61b7517003
  RxBlocking: 4f4bd5732e8b952e54ae8a57739bcfb645de12bc
  RxCocoa: 84a08739ab186248c7f31ce4ee92d6f8a947d690
  RxDataSources: 7f190474a93a206c082c2d74c4cc9c8f7bea4feb
  RxSwift: f9de85ea20cd2f7716ee5409fc13523dc638e4e4
  RxSwiftExt: ec25c6df68d15ad6fe326792d60452b52e83d606
  RxTest: 1d00348a7848c91ab5bf5d197d2378aa6b2bb356
  SwiftyJSON: c2842d878f95482ffceec5709abc3d05680c0220
  Swinject: afea49fd95f392b41171669f165842879c48fad6
  Toaster: 8c3225dc465bef4aa57e147a288724576df8e439

PODFILE CHECKSUM: 63b1f80ea6c8e4e23c9f823613659dfa6da556ac

COCOAPODS: 1.3.1
